
Microsoft Visual Studio Solution File, Format Version 12.00
# Visual Studio Version 17
VisualStudioVersion = 17.1.32421.90
MinimumVisualStudioVersion = 10.0.40219.1
Project("{FAE04EC0-301F-11D3-BF4B-00C04F79EFBC}") = "ProcessList", "ProcessList\ProcessList.csproj", "{8116A775-EA38-4A4B-AB0A-83ADDB1B3AA6}"
EndProject
Global
	GlobalSection(SolutionConfigurationPlatforms) = preSolution
		Debug|Any CPU = Debug|Any CPU
		Release|Any CPU = Release|Any CPU
	EndGlobalSection
	GlobalSection(ProjectConfigurationPlatforms) = postSolution
		{8116A775-EA38-4A4B-AB0A-83ADDB1B3AA6}.Debug|Any CPU.ActiveCfg = Debug|Any CPU
		{8116A775-EA38-4A4B-AB0A-83ADDB1B3AA6}.Debug|Any CPU.Build.0 = Debug|Any CPU
		{8116A775-EA38-4A4B-AB0A-83ADDB1B3AA6}.Release|Any CPU.ActiveCfg = Release|Any CPU
		{8116A775-EA38-4A4B-AB0A-83ADDB1B3AA6}.Release|Any CPU.Build.0 = Release|Any CPU
	EndGlobalSection
	GlobalSection(SolutionProperties) = preSolution
		HideSolutionNode = FALSE
	EndGlobalSection
	GlobalSection(ExtensibilityGlobals) = postSolution
		SolutionGuid = {5E4175F7-BBB2-4822-8E41-84EA0E4EAB01}
	EndGlobalSection
EndGlobal
